
Microsoft Visual Studio Solution File, Format Version 12.00
# Visual Studio Version 17
VisualStudioVersion = 17.0.32112.339
MinimumVisualStudioVersion = 10.0.40219.1
Project("{9A19103F-16F7-4668-BE54-9A1E7A4F7556}") = "Bai 1 - Kiem Tra Am Duong", "Bai 1 - Kiem Tra Am Duong.csproj", "{1F799188-5AB5-4DF1-A2DE-D2A5DBAB7B47}"
EndProject
Project("{FAE04EC0-301F-11D3-BF4B-00C04F79EFBC}") = "Bai 2", "..\Bai 2\Bai 2.csproj", "{FA53BB7E-AE16-4B43-8026-1A11F9E43045}"
EndProject
Global
	GlobalSection(SolutionConfigurationPlatforms) = preSolution
		Debug|Any CPU = Debug|Any CPU
		Release|Any CPU = Release|Any CPU
	EndGlobalSection
	GlobalSection(ProjectConfigurationPlatforms) = postSolution
		{1F799188-5AB5-4DF1-A2DE-D2A5DBAB7B47}.Debug|Any CPU.ActiveCfg = Debug|Any CPU
		{1F799188-5AB5-4DF1-A2DE-D2A5DBAB7B47}.Debug|Any CPU.Build.0 = Debug|Any CPU
		{1F799188-5AB5-4DF1-A2DE-D2A5DBAB7B47}.Release|Any CPU.ActiveCfg = Release|Any CPU
		{1F799188-5AB5-4DF1-A2DE-D2A5DBAB7B47}.Release|Any CPU.Build.0 = Release|Any CPU
		{FA53BB7E-AE16-4B43-8026-1A11F9E43045}.Debug|Any CPU.ActiveCfg = Debug|Any CPU
		{FA53BB7E-AE16-4B43-8026-1A11F9E43045}.Debug|Any CPU.Build.0 = Debug|Any CPU
		{FA53BB7E-AE16-4B43-8026-1A11F9E43045}.Release|Any CPU.ActiveCfg = Release|Any CPU
		{FA53BB7E-AE16-4B43-8026-1A11F9E43045}.Release|Any CPU.Build.0 = Release|Any CPU
	EndGlobalSection
	GlobalSection(SolutionProperties) = preSolution
		HideSolutionNode = FALSE
	EndGlobalSection
	GlobalSection(ExtensibilityGlobals) = postSolution
		SolutionGuid = {5F3C6CFC-555F-4580-A03D-A6145ACCB8BB}
	EndGlobalSection
EndGlobal
