
Microsoft Visual Studio Solution File, Format Version 12.00
# Visual Studio Version 17
VisualStudioVersion = 17.1.32210.238
MinimumVisualStudioVersion = 10.0.40219.1
Project("{FAE04EC0-301F-11D3-BF4B-00C04F79EFBC}") = "DangNhap", "DangNhap\DangNhap.csproj", "{F1B5165C-E843-41B9-9CB3-58C79BA744C3}"
EndProject
Project("{FAE04EC0-301F-11D3-BF4B-00C04F79EFBC}") = "BaiMoi", "BaiMoi\BaiMoi.csproj", "{3F37DE8E-3902-46D8-9EF8-456AE0C5700A}"
EndProject
Global
	GlobalSection(SolutionConfigurationPlatforms) = preSolution
		Debug|Any CPU = Debug|Any CPU
		Release|Any CPU = Release|Any CPU
	EndGlobalSection
	GlobalSection(ProjectConfigurationPlatforms) = postSolution
		{F1B5165C-E843-41B9-9CB3-58C79BA744C3}.Debug|Any CPU.ActiveCfg = Debug|Any CPU
		{F1B5165C-E843-41B9-9CB3-58C79BA744C3}.Debug|Any CPU.Build.0 = Debug|Any CPU
		{F1B5165C-E843-41B9-9CB3-58C79BA744C3}.Release|Any CPU.ActiveCfg = Release|Any CPU
		{F1B5165C-E843-41B9-9CB3-58C79BA744C3}.Release|Any CPU.Build.0 = Release|Any CPU
		{3F37DE8E-3902-46D8-9EF8-456AE0C5700A}.Debug|Any CPU.ActiveCfg = Debug|Any CPU
		{3F37DE8E-3902-46D8-9EF8-456AE0C5700A}.Debug|Any CPU.Build.0 = Debug|Any CPU
		{3F37DE8E-3902-46D8-9EF8-456AE0C5700A}.Release|Any CPU.ActiveCfg = Release|Any CPU
		{3F37DE8E-3902-46D8-9EF8-456AE0C5700A}.Release|Any CPU.Build.0 = Release|Any CPU
	EndGlobalSection
	GlobalSection(SolutionProperties) = preSolution
		HideSolutionNode = FALSE
	EndGlobalSection
	GlobalSection(ExtensibilityGlobals) = postSolution
		SolutionGuid = {49E66DA6-071B-49BB-8FDB-59AA62212B3E}
	EndGlobalSection
EndGlobal
