
Microsoft Visual Studio Solution File, Format Version 12.00
# Visual Studio 15
VisualStudioVersion = 15.0.28307.779
MinimumVisualStudioVersion = 10.0.40219.1
Project("{FAE04EC0-301F-11D3-BF4B-00C04F79EFBC}") = "WindowsFormsApp_ControlBox_ClickBox", "WindowsFormsApp_ControlBox_ClickBox\WindowsFormsApp_ControlBox_ClickBox.csproj", "{DC494661-8A1A-4CAD-80BB-CDF7072A125C}"
EndProject
Global
	GlobalSection(SolutionConfigurationPlatforms) = preSolution
		Debug|Any CPU = Debug|Any CPU
		Release|Any CPU = Release|Any CPU
	EndGlobalSection
	GlobalSection(ProjectConfigurationPlatforms) = postSolution
		{DC494661-8A1A-4CAD-80BB-CDF7072A125C}.Debug|Any CPU.ActiveCfg = Debug|Any CPU
		{DC494661-8A1A-4CAD-80BB-CDF7072A125C}.Debug|Any CPU.Build.0 = Debug|Any CPU
		{DC494661-8A1A-4CAD-80BB-CDF7072A125C}.Release|Any CPU.ActiveCfg = Release|Any CPU
		{DC494661-8A1A-4CAD-80BB-CDF7072A125C}.Release|Any CPU.Build.0 = Release|Any CPU
	EndGlobalSection
	GlobalSection(SolutionProperties) = preSolution
		HideSolutionNode = FALSE
	EndGlobalSection
	GlobalSection(ExtensibilityGlobals) = postSolution
		SolutionGuid = {459220CC-F812-4E0D-ABD4-786122CB58FE}
	EndGlobalSection
EndGlobal
