
Microsoft Visual Studio Solution File, Format Version 12.00
# Visual Studio Version 17
VisualStudioVersion = 17.1.32210.238
MinimumVisualStudioVersion = 10.0.40219.1
Project("{FAE04EC0-301F-11D3-BF4B-00C04F79EFBC}") = "Buoi 8", "Buoi 8\Buoi 8.csproj", "{72E7AA44-866C-4F24-A4E9-5E432DD58907}"
EndProject
Global
	GlobalSection(SolutionConfigurationPlatforms) = preSolution
		Debug|Any CPU = Debug|Any CPU
		Release|Any CPU = Release|Any CPU
	EndGlobalSection
	GlobalSection(ProjectConfigurationPlatforms) = postSolution
		{72E7AA44-866C-4F24-A4E9-5E432DD58907}.Debug|Any CPU.ActiveCfg = Debug|Any CPU
		{72E7AA44-866C-4F24-A4E9-5E432DD58907}.Debug|Any CPU.Build.0 = Debug|Any CPU
		{72E7AA44-866C-4F24-A4E9-5E432DD58907}.Release|Any CPU.ActiveCfg = Release|Any CPU
		{72E7AA44-866C-4F24-A4E9-5E432DD58907}.Release|Any CPU.Build.0 = Release|Any CPU
	EndGlobalSection
	GlobalSection(SolutionProperties) = preSolution
		HideSolutionNode = FALSE
	EndGlobalSection
	GlobalSection(ExtensibilityGlobals) = postSolution
		SolutionGuid = {5EA3F8E0-5BC2-431A-923E-71C3F507EE75}
	EndGlobalSection
EndGlobal
